
Microsoft Visual Studio Solution File, Format Version 12.00
# Visual Studio Version 17
VisualStudioVersion = 17.12.35707.178 d17.12
MinimumVisualStudioVersion = 10.0.40219.1
Project("{FAE04EC0-301F-11D3-BF4B-00C04F79EFBC}") = "DSW_ApiNoConformidades-Dollder_MS", "DSW_ApiNoConformidades-Dollder_MS\DSW_ApiNoConformidades-Dollder_MS.csproj", "{ADCF3F93-9042-43C4-A792-8F3E51EC9F54}"
EndProject
Global
	GlobalSection(SolutionConfigurationPlatforms) = preSolution
		Debug|Any CPU = Debug|Any CPU
		Release|Any CPU = Release|Any CPU
	EndGlobalSection
	GlobalSection(ProjectConfigurationPlatforms) = postSolution
		{ADCF3F93-9042-43C4-A792-8F3E51EC9F54}.Debug|Any CPU.ActiveCfg = Debug|Any CPU
		{ADCF3F93-9042-43C4-A792-8F3E51EC9F54}.Debug|Any CPU.Build.0 = Debug|Any CPU
		{ADCF3F93-9042-43C4-A792-8F3E51EC9F54}.Release|Any CPU.ActiveCfg = Release|Any CPU
		{ADCF3F93-9042-43C4-A792-8F3E51EC9F54}.Release|Any CPU.Build.0 = Release|Any CPU
	EndGlobalSection
	GlobalSection(SolutionProperties) = preSolution
		HideSolutionNode = FALSE
	EndGlobalSection
EndGlobal
